
Microsoft Visual Studio Solution File, Format Version 12.00
# Visual Studio Version 16
VisualStudioVersion = 16.0.31729.503
MinimumVisualStudioVersion = 10.0.40219.1
Project("{FAE04EC0-301F-11D3-BF4B-00C04F79EFBC}") = "Kare.olusturma", "Kare.olusturma\Kare.olusturma.csproj", "{02466243-300F-4E7F-83CC-6CEF0BD6213C}"
EndProject
Global
	GlobalSection(SolutionConfigurationPlatforms) = preSolution
		Debug|Any CPU = Debug|Any CPU
		Release|Any CPU = Release|Any CPU
	EndGlobalSection
	GlobalSection(ProjectConfigurationPlatforms) = postSolution
		{02466243-300F-4E7F-83CC-6CEF0BD6213C}.Debug|Any CPU.ActiveCfg = Debug|Any CPU
		{02466243-300F-4E7F-83CC-6CEF0BD6213C}.Debug|Any CPU.Build.0 = Debug|Any CPU
		{02466243-300F-4E7F-83CC-6CEF0BD6213C}.Release|Any CPU.ActiveCfg = Release|Any CPU
		{02466243-300F-4E7F-83CC-6CEF0BD6213C}.Release|Any CPU.Build.0 = Release|Any CPU
	EndGlobalSection
	GlobalSection(SolutionProperties) = preSolution
		HideSolutionNode = FALSE
	EndGlobalSection
	GlobalSection(ExtensibilityGlobals) = postSolution
		SolutionGuid = {CD934A16-CD9D-4561-89D4-05EABADD1E56}
	EndGlobalSection
EndGlobal
